# generated by rye
# use `rye lock` or `rye sync` to update this lockfile
#
# last locked with the following flags:
#   pre: false
#   features: []
#   all-features: false
#   with-sources: false
#   generate-hashes: false

-e file:.
biopython==1.83
    # via gud
certifi==2024.8.30
    # via requests
charset-normalizer==3.3.2
    # via requests
click==8.1.7
    # via flask
deprecated==1.2.14
    # via limits
flask==1.0.3
    # via flask-limiter
    # via flask-sqlalchemy
    # via gud
flask-limiter==2.0.0
    # via gud
flask-sqlalchemy==2.0
    # via gud
fuzzywuzzy==0.18.0
    # via gud
idna==3.10
    # via requests
importlib-metadata==8.5.0
    # via gud
importlib-resources==6.4.5
    # via limits
interval-binning==1.0.0
    # via gud
itsdangerous==2.0.1
    # via flask
    # via gud
jinja2==3.0.3
    # via flask
    # via gud
levenshtein==0.25.1
    # via python-levenshtein
limits==3.13.0
    # via flask-limiter
markupsafe==2.1.5
    # via jinja2
    # via werkzeug
numpy==1.24.4
    # via biopython
    # via pandas
packaging==24.1
    # via limits
pandas==2.0.3
    # via gud
pyliftover==0.4.1
    # via gud
pymysql==1.1.1
    # via gud
python-dateutil==2.9.0.post0
    # via pandas
python-levenshtein==0.25.1
    # via gud
pytz==2024.2
    # via pandas
rapidfuzz==3.9.7
    # via levenshtein
requests==2.32.3
    # via gud
setuptools==75.1.0
    # via gud
six==1.16.0
    # via flask-limiter
    # via python-dateutil
sqlalchemy==2.0.35
    # via flask-sqlalchemy
    # via gud
    # via sqlalchemy-fulltext-search
    # via sqlalchemy-utils
sqlalchemy-fulltext-search==0.3.0
    # via gud
sqlalchemy-utils==0.41.2
    # via gud
typing-extensions==4.12.2
    # via limits
    # via sqlalchemy
tzdata==2024.2
    # via pandas
urllib3==2.2.3
    # via requests
werkzeug==2.2.0
    # via flask
    # via gud
wrapt==1.16.0
    # via deprecated
zipp==3.20.2
    # via importlib-metadata
    # via importlib-resources
